{
  "name": "React",
  "lockfileVersion": 3,
  "requires": true,
  "packages": {
    "": {
      "dependencies": {
        "coursera": "^0.0.1",
        "react-app": "^1.1.2"
      }
    },
    "node_modules/coursera": {
      "version": "0.0.1",
      "resolved": "https://registry.npmjs.org/coursera/-/coursera-0.0.1.tgz",
      "integrity": "sha512-3hnyd9havzmQKcjAH5BWCEYnfn5RJiBagTRl9dLp/ugsVw3yuu7j/zKmh4Fy648IwWEK8Xc2vc/hztGzFOch7Q=="
    },
    "node_modules/react-app": {
      "version": "1.1.2",
      "resolved": "https://registry.npmjs.org/react-app/-/react-app-1.1.2.tgz",
      "integrity": "sha512-4MrTmJWu3WDX3upmEyyHGhA15L0qtqJBDMoVZRjd5hrf8lEoX/ja/EOG31eppiyRTWpZGGigCwb2lzsI6ZKDFQ==",
      "bin": {
        "react-app": "bin/react-app.js"
      },
      "engines": {
        "node": ">=6",
        "npm": ">=3.8"
      }
    }
  }
}
